// !$*UTF8*$!
{
	archiveVersion = 1;
	classes = {
	};
	objectVersion = 50;
	objects = {

/* Begin PBXBuildFile section */
		A68958AF23E0D1C4000EDE42 /* AppDelegate.swift in Sources */ = {isa = PBXBuildFile; fileRef = A68958AE23E0D1C4000EDE42 /* AppDelegate.swift */; };
		A68958B123E0D1C4000EDE42 /* SceneDelegate.swift in Sources */ = {isa = PBXBuildFile; fileRef = A68958B023E0D1C4000EDE42 /* SceneDelegate.swift */; };
		A68958B323E0D1C4000EDE42 /* MainViewController.swift in Sources */ = {isa = PBXBuildFile; fileRef = A68958B223E0D1C4000EDE42 /* MainViewController.swift */; };
		A68958B823E0D1C7000EDE42 /* Assets.xcassets in Resources */ = {isa = PBXBuildFile; fileRef = A68958B723E0D1C7000EDE42 /* Assets.xcassets */; };
		A68958BB23E0D1C7000EDE42 /* LaunchScreen.storyboard in Resources */ = {isa = PBXBuildFile; fileRef = A68958B923E0D1C7000EDE42 /* LaunchScreen.storyboard */; };
		A68958C623E0D1C7000EDE42 /* ColorGuessing_Programmatic_UITests.swift in Sources */ = {isa = PBXBuildFile; fileRef = A68958C523E0D1C7000EDE42 /* ColorGuessing_Programmatic_UITests.swift */; };
		A68958D123E0D7F6000EDE42 /* ColorGuessingModel.swift in Sources */ = {isa = PBXBuildFile; fileRef = A68958D023E0D7F6000EDE42 /* ColorGuessingModel.swift */; };
		A68958D323E0DADD000EDE42 /* MainView.swift in Sources */ = {isa = PBXBuildFile; fileRef = A68958D223E0DADD000EDE42 /* MainView.swift */; };
/* End PBXBuildFile section */

/* Begin PBXContainerItemProxy section */
		A68958C223E0D1C7000EDE42 /* PBXContainerItemProxy */ = {
			isa = PBXContainerItemProxy;
			containerPortal = A68958A323E0D1C4000EDE42 /* Project object */;
			proxyType = 1;
			remoteGlobalIDString = A68958AA23E0D1C4000EDE42;
			remoteInfo = "ColorGuessing-Programmatic-UI";
		};
/* End PBXContainerItemProxy section */

/* Begin PBXFileReference section */
		A68958AB23E0D1C4000EDE42 /* ColorGuessing-Programmatic-UI.app */ = {isa = PBXFileReference; explicitFileType = wrapper.application; includeInIndex = 0; path = "ColorGuessing-Programmatic-UI.app"; sourceTree = BUILT_PRODUCTS_DIR; };
		A68958AE23E0D1C4000EDE42 /* AppDelegate.swift */ = {isa = PBXFileReference; lastKnownFileType = sourcecode.swift; path = AppDelegate.swift; sourceTree = "<group>"; };
		A68958B023E0D1C4000EDE42 /* SceneDelegate.swift */ = {isa = PBXFileReference; lastKnownFileType = sourcecode.swift; path = SceneDelegate.swift; sourceTree = "<group>"; };
		A68958B223E0D1C4000EDE42 /* MainViewController.swift */ = {isa = PBXFileReference; lastKnownFileType = sourcecode.swift; path = MainViewController.swift; sourceTree = "<group>"; };
		A68958B723E0D1C7000EDE42 /* Assets.xcassets */ = {isa = PBXFileReference; lastKnownFileType = folder.assetcatalog; path = Assets.xcassets; sourceTree = "<group>"; };
		A68958BA23E0D1C7000EDE42 /* Base */ = {isa = PBXFileReference; lastKnownFileType = file.storyboard; name = Base; path = Base.lproj/LaunchScreen.storyboard; sourceTree = "<group>"; };
		A68958BC23E0D1C7000EDE42 /* Info.plist */ = {isa = PBXFileReference; lastKnownFileType = text.plist.xml; path = Info.plist; sourceTree = "<group>"; };
		A68958C123E0D1C7000EDE42 /* ColorGuessing-Programmatic-UITests.xctest */ = {isa = PBXFileReference; explicitFileType = wrapper.cfbundle; includeInIndex = 0; path = "ColorGuessing-Programmatic-UITests.xctest"; sourceTree = BUILT_PRODUCTS_DIR; };
		A68958C523E0D1C7000EDE42 /* ColorGuessing_Programmatic_UITests.swift */ = {isa = PBXFileReference; lastKnownFileType = sourcecode.swift; path = ColorGuessing_Programmatic_UITests.swift; sourceTree = "<group>"; };
		A68958C723E0D1C7000EDE42 /* Info.plist */ = {isa = PBXFileReference; lastKnownFileType = text.plist.xml; path = Info.plist; sourceTree = "<group>"; };
		A68958D023E0D7F6000EDE42 /* ColorGuessingModel.swift */ = {isa = PBXFileReference; lastKnownFileType = sourcecode.swift; path = ColorGuessingModel.swift; sourceTree = "<group>"; };
		A68958D223E0DADD000EDE42 /* MainView.swift */ = {isa = PBXFileReference; lastKnownFileType = sourcecode.swift; path = MainView.swift; sourceTree = "<group>"; };
/* End PBXFileReference section */

/* Begin PBXFrameworksBuildPhase section */
		A68958A823E0D1C4000EDE42 /* Frameworks */ = {
			isa = PBXFrameworksBuildPhase;
			buildActionMask = 2147483647;
			files = (
			);
			runOnlyForDeploymentPostprocessing = 0;
		};
		A68958BE23E0D1C7000EDE42 /* Frameworks */ = {
			isa = PBXFrameworksBuildPhase;
			buildActionMask = 2147483647;
			files = (
			);
			runOnlyForDeploymentPostprocessing = 0;
		};
/* End PBXFrameworksBuildPhase section */

/* Begin PBXGroup section */
		A68958A223E0D1C4000EDE42 = {
			isa = PBXGroup;
			children = (
				A68958AD23E0D1C4000EDE42 /* ColorGuessing-Programmatic-UI */,
				A68958C423E0D1C7000EDE42 /* ColorGuessing-Programmatic-UITests */,
				A68958AC23E0D1C4000EDE42 /* Products */,
			);
			sourceTree = "<group>";
		};
		A68958AC23E0D1C4000EDE42 /* Products */ = {
			isa = PBXGroup;
			children = (
				A68958AB23E0D1C4000EDE42 /* ColorGuessing-Programmatic-UI.app */,
				A68958C123E0D1C7000EDE42 /* ColorGuessing-Programmatic-UITests.xctest */,
			);
			name = Products;
			sourceTree = "<group>";
		};
		A68958AD23E0D1C4000EDE42 /* ColorGuessing-Programmatic-UI */ = {
			isa = PBXGroup;
			children = (
				A68958AE23E0D1C4000EDE42 /* AppDelegate.swift */,
				A68958B023E0D1C4000EDE42 /* SceneDelegate.swift */,
				A68958B223E0D1C4000EDE42 /* MainViewController.swift */,
				A68958D223E0DADD000EDE42 /* MainView.swift */,
				A68958D023E0D7F6000EDE42 /* ColorGuessingModel.swift */,
				A68958B723E0D1C7000EDE42 /* Assets.xcassets */,
				A68958B923E0D1C7000EDE42 /* LaunchScreen.storyboard */,
				A68958BC23E0D1C7000EDE42 /* Info.plist */,
			);
			path = "ColorGuessing-Programmatic-UI";
			sourceTree = "<group>";
		};
		A68958C423E0D1C7000EDE42 /* ColorGuessing-Programmatic-UITests */ = {
			isa = PBXGroup;
			children = (
				A68958C523E0D1C7000EDE42 /* ColorGuessing_Programmatic_UITests.swift */,
				A68958C723E0D1C7000EDE42 /* Info.plist */,
			);
			path = "ColorGuessing-Programmatic-UITests";
			sourceTree = "<group>";
		};
/* End PBXGroup section */

/* Begin PBXNativeTarget section */
		A68958AA23E0D1C4000EDE42 /* ColorGuessing-Programmatic-UI */ = {
			isa = PBXNativeTarget;
			buildConfigurationList = A68958CA23E0D1C7000EDE42 /* Build configuration list for PBXNativeTarget "ColorGuessing-Programmatic-UI" */;
			buildPhases = (
				A68958A723E0D1C4000EDE42 /* Sources */,
				A68958A823E0D1C4000EDE42 /* Frameworks */,
				A68958A923E0D1C4000EDE42 /* Resources */,
			);
			buildRules = (
			);
			dependencies = (
			);
			name = "ColorGuessing-Programmatic-UI";
			productName = "ColorGuessing-Programmatic-UI";
			productReference = A68958AB23E0D1C4000EDE42 /* ColorGuessing-Programmatic-UI.app */;
			productType = "com.apple.product-type.application";
		};
		A68958C023E0D1C7000EDE42 /* ColorGuessing-Programmatic-UITests */ = {
			isa = PBXNativeTarget;
			buildConfigurationList = A68958CD23E0D1C7000EDE42 /* Build configuration list for PBXNativeTarget "ColorGuessing-Programmatic-UITests" */;
			buildPhases = (
				A68958BD23E0D1C7000EDE42 /* Sources */,
				A68958BE23E0D1C7000EDE42 /* Frameworks */,
				A68958BF23E0D1C7000EDE42 /* Resources */,
			);
			buildRules = (
			);
			dependencies = (
				A68958C323E0D1C7000EDE42 /* PBXTargetDependency */,
			);
			name = "ColorGuessing-Programmatic-UITests";
			productName = "ColorGuessing-Programmatic-UITests";
			productReference = A68958C123E0D1C7000EDE42 /* ColorGuessing-Programmatic-UITests.xctest */;
			productType = "com.apple.product-type.bundle.unit-test";
		};
/* End PBXNativeTarget section */

/* Begin PBXProject section */
		A68958A323E0D1C4000EDE42 /* Project object */ = {
			isa = PBXProject;
			attributes = {
				LastSwiftUpdateCheck = 1120;
				LastUpgradeCheck = 1120;
				ORGANIZATIONNAME = "Lilia Yudina";
				TargetAttributes = {
					A68958AA23E0D1C4000EDE42 = {
						CreatedOnToolsVersion = 11.2;
					};
					A68958C023E0D1C7000EDE42 = {
						CreatedOnToolsVersion = 11.2;
						TestTargetID = A68958AA23E0D1C4000EDE42;
					};
				};
			};
			buildConfigurationList = A68958A623E0D1C4000EDE42 /* Build configuration list for PBXProject "ColorGuessing-Programmatic-UI" */;
			compatibilityVersion = "Xcode 9.3";
			developmentRegion = en;
			hasScannedForEncodings = 0;
			knownRegions = (
				en,
				Base,
			);
			mainGroup = A68958A223E0D1C4000EDE42;
			productRefGroup = A68958AC23E0D1C4000EDE42 /* Products */;
			projectDirPath = "";
			projectRoot = "";
			targets = (
				A68958AA23E0D1C4000EDE42 /* ColorGuessing-Programmatic-UI */,
				A68958C023E0D1C7000EDE42 /* ColorGuessing-Programmatic-UITests */,
			);
		};
/* End PBXProject section */

/* Begin PBXResourcesBuildPhase section */
		A68958A923E0D1C4000EDE42 /* Resources */ = {
			isa = PBXResourcesBuildPhase;
			buildActionMask = 2147483647;
			files = (
				A68958BB23E0D1C7000EDE42 /* LaunchScreen.storyboard in Resources */,
				A68958B823E0D1C7000EDE42 /* Assets.xcassets in Resources */,
			);
			runOnlyForDeploymentPostprocessing = 0;
		};
		A68958BF23E0D1C7000EDE42 /* Resources */ = {
			isa = PBXResourcesBuildPhase;
			buildActionMask = 2147483647;
			files = (
			);
			runOnlyForDeploymentPostprocessing = 0;
		};
/* End PBXResourcesBuildPhase section */

/* Begin PBXSourcesBuildPhase section */
		A68958A723E0D1C4000EDE42 /* Sources */ = {
			isa = PBXSourcesBuildPhase;
			buildActionMask = 2147483647;
			files = (
				A68958D123E0D7F6000EDE42 /* ColorGuessingModel.swift in Sources */,
				A68958B323E0D1C4000EDE42 /* MainViewController.swift in Sources */,
				A68958AF23E0D1C4000EDE42 /* AppDelegate.swift in Sources */,
				A68958D323E0DADD000EDE42 /* MainView.swift in Sources */,
				A68958B123E0D1C4000EDE42 /* SceneDelegate.swift in Sources */,
			);
			runOnlyForDeploymentPostprocessing = 0;
		};
		A68958BD23E0D1C7000EDE42 /* Sources */ = {
			isa = PBXSourcesBuildPhase;
			buildActionMask = 2147483647;
			files = (
				A68958C623E0D1C7000EDE42 /* ColorGuessing_Programmatic_UITests.swift in Sources */,
			);
			runOnlyForDeploymentPostprocessing = 0;
		};
/* End PBXSourcesBuildPhase section */

/* Begin PBXTargetDependency section */
		A68958C323E0D1C7000EDE42 /* PBXTargetDependency */ = {
			isa = PBXTargetDependency;
			target = A68958AA23E0D1C4000EDE42 /* ColorGuessing-Programmatic-UI */;
			targetProxy = A68958C223E0D1C7000EDE42 /* PBXContainerItemProxy */;
		};
/* End PBXTargetDependency section */

/* Begin PBXVariantGroup section */
		A68958B923E0D1C7000EDE42 /* LaunchScreen.storyboard */ = {
			isa = PBXVariantGroup;
			children = (
				A68958BA23E0D1C7000EDE42 /* Base */,
			);
			name = LaunchScreen.storyboard;
			sourceTree = "<group>";
		};
/* End PBXVariantGroup section */

/* Begin XCBuildConfiguration section */
		A68958C823E0D1C7000EDE42 /* Debug */ = {
			isa = XCBuildConfiguration;
			buildSettings = {
				ALWAYS_SEARCH_USER_PATHS = NO;
				CLANG_ANALYZER_NONNULL = YES;
				CLANG_ANALYZER_NUMBER_OBJECT_CONVERSION = YES_AGGRESSIVE;
				CLANG_CXX_LANGUAGE_STANDARD = "gnu++14";
				CLANG_CXX_LIBRARY = "libc++";
				CLANG_ENABLE_MODULES = YES;
				CLANG_ENABLE_OBJC_ARC = YES;
				CLANG_ENABLE_OBJC_WEAK = YES;
				CLANG_WARN_BLOCK_CAPTURE_AUTORELEASING = YES;
				CLANG_WARN_BOOL_CONVERSION = YES;
				CLANG_WARN_COMMA = YES;
				CLANG_WARN_CONSTANT_CONVERSION = YES;
				CLANG_WARN_DEPRECATED_OBJC_IMPLEMENTATIONS = YES;
				CLANG_WARN_DIRECT_OBJC_ISA_USAGE = YES_ERROR;
				CLANG_WARN_DOCUMENTATION_COMMENTS = YES;
				CLANG_WARN_EMPTY_BODY = YES;
				CLANG_WARN_ENUM_CONVERSION = YES;
				CLANG_WARN_INFINITE_RECURSION = YES;
				CLANG_WARN_INT_CONVERSION = YES;
				CLANG_WARN_NON_LITERAL_NULL_CONVERSION = YES;
				CLANG_WARN_OBJC_IMPLICIT_RETAIN_SELF = YES;
				CLANG_WARN_OBJC_LITERAL_CONVERSION = YES;
				CLANG_WARN_OBJC_ROOT_CLASS = YES_ERROR;
				CLANG_WARN_RANGE_LOOP_ANALYSIS = YES;
				CLANG_WARN_STRICT_PROTOTYPES = YES;
				CLANG_WARN_SUSPICIOUS_MOVE = YES;
				CLANG_WARN_UNGUARDED_AVAILABILITY = YES_AGGRESSIVE;
				CLANG_WARN_UNREACHABLE_CODE = YES;
				CLANG_WARN__DUPLICATE_METHOD_MATCH = YES;
				COPY_PHASE_STRIP = NO;
				DEBUG_INFORMATION_FORMAT = dwarf;
				ENABLE_STRICT_OBJC_MSGSEND = YES;
				ENABLE_TESTABILITY = YES;
				GCC_C_LANGUAGE_STANDARD = gnu11;
				GCC_DYNAMIC_NO_PIC = NO;
				GCC_NO_COMMON_BLOCKS = YES;
				GCC_OPTIMIZATION_LEVEL = 0;
				GCC_PREPROCESSOR_DEFINITIONS = (
					"DEBUG=1",
					"$(inherited)",
				);
				GCC_WARN_64_TO_32_BIT_CONVERSION = YES;
				GCC_WARN_ABOUT_RETURN_TYPE = YES_ERROR;
				GCC_WARN_UNDECLARED_SELECTOR = YES;
				GCC_WARN_UNINITIALIZED_AUTOS = YES_AGGRESSIVE;
				GCC_WARN_UNUSED_FUNCTION = YES;
				GCC_WARN_UNUSED_VARIABLE = YES;
				IPHONEOS_DEPLOYMENT_TARGET = 13.2;
				MTL_ENABLE_DEBUG_INFO = INCLUDE_SOURCE;
				MTL_FAST_MATH = YES;
				ONLY_ACTIVE_ARCH = YES;
				SDKROOT = iphoneos;
				SWIFT_ACTIVE_COMPILATION_CONDITIONS = DEBUG;
				SWIFT_OPTIMIZATION_LEVEL = "-Onone";
			};
			name = Debug;
		};
		A68958C923E0D1C7000EDE42 /* Release */ = {
			isa = XCBuildConfiguration;
			buildSettings = {
				ALWAYS_SEARCH_USER_PATHS = NO;
				CLANG_ANALYZER_NONNULL = YES;
				CLANG_ANALYZER_NUMBER_OBJECT_CONVERSION = YES_AGGRESSIVE;
				CLANG_CXX_LANGUAGE_STANDARD = "gnu++14";
				CLANG_CXX_LIBRARY = "libc++";
				CLANG_ENABLE_MODULES = YES;
				CLANG_ENABLE_OBJC_ARC = YES;
				CLANG_ENABLE_OBJC_WEAK = YES;
				CLANG_WARN_BLOCK_CAPTURE_AUTORELEASING = YES;
				CLANG_WARN_BOOL_CONVERSION = YES;
				CLANG_WARN_COMMA = YES;
				CLANG_WARN_CONSTANT_CONVERSION = YES;
				CLANG_WARN_DEPRECATED_OBJC_IMPLEMENTATIONS = YES;
				CLANG_WARN_DIRECT_OBJC_ISA_USAGE = YES_ERROR;
				CLANG_WARN_DOCUMENTATION_COMMENTS = YES;
				CLANG_WARN_EMPTY_BODY = YES;
				CLANG_WARN_ENUM_CONVERSION = YES;
				CLANG_WARN_INFINITE_RECURSION = YES;
				CLANG_WARN_INT_CONVERSION = YES;
				CLANG_WARN_NON_LITERAL_NULL_CONVERSION = YES;
				CLANG_WARN_OBJC_IMPLICIT_RETAIN_SELF = YES;
				CLANG_WARN_OBJC_LITERAL_CONVERSION = YES;
				CLANG_WARN_OBJC_ROOT_CLASS = YES_ERROR;
				CLANG_WARN_RANGE_LOOP_ANALYSIS = YES;
				CLANG_WARN_STRICT_PROTOTYPES = YES;
				CLANG_WARN_SUSPICIOUS_MOVE = YES;
				CLANG_WARN_UNGUARDED_AVAILABILITY = YES_AGGRESSIVE;
				CLANG_WARN_UNREACHABLE_CODE = YES;
				CLANG_WARN__DUPLICATE_METHOD_MATCH = YES;
				COPY_PHASE_STRIP = NO;
				DEBUG_INFORMATION_FORMAT = "dwarf-with-dsym";
				ENABLE_NS_ASSERTIONS = NO;
				ENABLE_STRICT_OBJC_MSGSEND = YES;
				GCC_C_LANGUAGE_STANDARD = gnu11;
				GCC_NO_COMMON_BLOCKS = YES;
				GCC_WARN_64_TO_32_BIT_CONVERSION = YES;
				GCC_WARN_ABOUT_RETURN_TYPE = YES_ERROR;
				GCC_WARN_UNDECLARED_SELECTOR = YES;
				GCC_WARN_UNINITIALIZED_AUTOS = YES_AGGRESSIVE;
				GCC_WARN_UNUSED_FUNCTION = YES;
				GCC_WARN_UNUSED_VARIABLE = YES;
				IPHONEOS_DEPLOYMENT_TARGET = 13.2;
				MTL_ENABLE_DEBUG_INFO = NO;
				MTL_FAST_MATH = YES;
				SDKROOT = iphoneos;
				SWIFT_COMPILATION_MODE = wholemodule;
				SWIFT_OPTIMIZATION_LEVEL = "-O";
				VALIDATE_PRODUCT = YES;
			};
			name = Release;
		};
		A68958CB23E0D1C7000EDE42 /* Debug */ = {
			isa = XCBuildConfiguration;
			buildSettings = {
				ASSETCATALOG_COMPILER_APPICON_NAME = AppIcon;
				CODE_SIGN_STYLE = Automatic;
				DEVELOPMENT_TEAM = 77BP3AZ229;
				INFOPLIST_FILE = "ColorGuessing-Programmatic-UI/Info.plist";
				LD_RUNPATH_SEARCH_PATHS = (
					"$(inherited)",
					"@executable_path/Frameworks",
				);
				PRODUCT_BUNDLE_IDENTIFIER = "com.liliayudina.ColorGuessing-Programmatic-UI";
				PRODUCT_NAME = "$(TARGET_NAME)";
				SWIFT_VERSION = 5.0;
				TARGETED_DEVICE_FAMILY = "1,2";
			};
			name = Debug;
		};
		A68958CC23E0D1C7000EDE42 /* Release */ = {
			isa = XCBuildConfiguration;
			buildSettings = {
				ASSETCATALOG_COMPILER_APPICON_NAME = AppIcon;
				CODE_SIGN_STYLE = Automatic;
				DEVELOPMENT_TEAM = 77BP3AZ229;
				INFOPLIST_FILE = "ColorGuessing-Programmatic-UI/Info.plist";
				LD_RUNPATH_SEARCH_PATHS = (
					"$(inherited)",
					"@executable_path/Frameworks",
				);
				PRODUCT_BUNDLE_IDENTIFIER = "com.liliayudina.ColorGuessing-Programmatic-UI";
				PRODUCT_NAME = "$(TARGET_NAME)";
				SWIFT_VERSION = 5.0;
				TARGETED_DEVICE_FAMILY = "1,2";
			};
			name = Release;
		};
		A68958CE23E0D1C7000EDE42 /* Debug */ = {
			isa = XCBuildConfiguration;
			buildSettings = {
				ALWAYS_EMBED_SWIFT_STANDARD_LIBRARIES = YES;
				BUNDLE_LOADER = "$(TEST_HOST)";
				CODE_SIGN_STYLE = Automatic;
				DEVELOPMENT_TEAM = 77BP3AZ229;
				INFOPLIST_FILE = "ColorGuessing-Programmatic-UITests/Info.plist";
				IPHONEOS_DEPLOYMENT_TARGET = 13.2;
				LD_RUNPATH_SEARCH_PATHS = (
					"$(inherited)",
					"@executable_path/Frameworks",
					"@loader_path/Frameworks",
				);
				PRODUCT_BUNDLE_IDENTIFIER = "com.liliayudina.ColorGuessing-Programmatic-UITests";
				PRODUCT_NAME = "$(TARGET_NAME)";
				SWIFT_VERSION = 5.0;
				TARGETED_DEVICE_FAMILY = "1,2";
				TEST_HOST = "$(BUILT_PRODUCTS_DIR)/ColorGuessing-Programmatic-UI.app/ColorGuessing-Programmatic-UI";
			};
			name = Debug;
		};
		A68958CF23E0D1C7000EDE42 /* Release */ = {
			isa = XCBuildConfiguration;
			buildSettings = {
				ALWAYS_EMBED_SWIFT_STANDARD_LIBRARIES = YES;
				BUNDLE_LOADER = "$(TEST_HOST)";
				CODE_SIGN_STYLE = Automatic;
				DEVELOPMENT_TEAM = 77BP3AZ229;
				INFOPLIST_FILE = "ColorGuessing-Programmatic-UITests/Info.plist";
				IPHONEOS_DEPLOYMENT_TARGET = 13.2;
				LD_RUNPATH_SEARCH_PATHS = (
					"$(inherited)",
					"@executable_path/Frameworks",
					"@loader_path/Frameworks",
				);
				PRODUCT_BUNDLE_IDENTIFIER = "com.liliayudina.ColorGuessing-Programmatic-UITests";
				PRODUCT_NAME = "$(TARGET_NAME)";
				SWIFT_VERSION = 5.0;
				TARGETED_DEVICE_FAMILY = "1,2";
				TEST_HOST = "$(BUILT_PRODUCTS_DIR)/ColorGuessing-Programmatic-UI.app/ColorGuessing-Programmatic-UI";
			};
			name = Release;
		};
/* End XCBuildConfiguration section */

/* Begin XCConfigurationList section */
		A68958A623E0D1C4000EDE42 /* Build configuration list for PBXProject "ColorGuessing-Programmatic-UI" */ = {
			isa = XCConfigurationList;
			buildConfigurations = (
				A68958C823E0D1C7000EDE42 /* Debug */,
				A68958C923E0D1C7000EDE42 /* Release */,
			);
			defaultConfigurationIsVisible = 0;
			defaultConfigurationName = Release;
		};
		A68958CA23E0D1C7000EDE42 /* Build configuration list for PBXNativeTarget "ColorGuessing-Programmatic-UI" */ = {
			isa = XCConfigurationList;
			buildConfigurations = (
				A68958CB23E0D1C7000EDE42 /* Debug */,
				A68958CC23E0D1C7000EDE42 /* Release */,
			);
			defaultConfigurationIsVisible = 0;
			defaultConfigurationName = Release;
		};
		A68958CD23E0D1C7000EDE42 /* Build configuration list for PBXNativeTarget "ColorGuessing-Programmatic-UITests" */ = {
			isa = XCConfigurationList;
			buildConfigurations = (
				A68958CE23E0D1C7000EDE42 /* Debug */,
				A68958CF23E0D1C7000EDE42 /* Release */,
			);
			defaultConfigurationIsVisible = 0;
			defaultConfigurationName = Release;
		};
/* End XCConfigurationList section */
	};
	rootObject = A68958A323E0D1C4000EDE42 /* Project object */;
}
